
Microsoft Visual Studio Solution File, Format Version 12.00
# Visual Studio Version 17
VisualStudioVersion = 17.9.34902.65
MinimumVisualStudioVersion = 10.0.40219.1
Project("{FAE04EC0-301F-11D3-BF4B-00C04F79EFBC}") = "New SMS UI", "New SMS UI\New SMS UI.csproj", "{3AB0D4FC-3F94-44C7-994C-DE87ED557223}"
EndProject
Global
	GlobalSection(SolutionConfigurationPlatforms) = preSolution
		Debug|Any CPU = Debug|Any CPU
		Release|Any CPU = Release|Any CPU
	EndGlobalSection
	GlobalSection(ProjectConfigurationPlatforms) = postSolution
		{3AB0D4FC-3F94-44C7-994C-DE87ED557223}.Debug|Any CPU.ActiveCfg = Debug|Any CPU
		{3AB0D4FC-3F94-44C7-994C-DE87ED557223}.Debug|Any CPU.Build.0 = Debug|Any CPU
		{3AB0D4FC-3F94-44C7-994C-DE87ED557223}.Release|Any CPU.ActiveCfg = Release|Any CPU
		{3AB0D4FC-3F94-44C7-994C-DE87ED557223}.Release|Any CPU.Build.0 = Release|Any CPU
	EndGlobalSection
	GlobalSection(SolutionProperties) = preSolution
		HideSolutionNode = FALSE
	EndGlobalSection
	GlobalSection(ExtensibilityGlobals) = postSolution
		SolutionGuid = {2A16B631-E2AE-4003-AA59-D1A29B34991A}
	EndGlobalSection
EndGlobal
